
Microsoft Visual Studio Solution File, Format Version 12.00
# Visual Studio Version 16
VisualStudioVersion = 16.0.30804.86
MinimumVisualStudioVersion = 10.0.40219.1
Project("{FAE04EC0-301F-11D3-BF4B-00C04F79EFBC}") = "Game_Project", "Game_Project\Game_Project.csproj", "{7D2E9861-467D-4246-8F2E-7AFA10D7BA58}"
EndProject
Project("{FAE04EC0-301F-11D3-BF4B-00C04F79EFBC}") = "DataBase", "DataBase\DataBase.csproj", "{E8CA5D44-0829-4B33-8034-60003A158269}"
EndProject
Global
	GlobalSection(SolutionConfigurationPlatforms) = preSolution
		Debug|Any CPU = Debug|Any CPU
		Debug|ARM = Debug|ARM
		Debug|ARM64 = Debug|ARM64
		Debug|x64 = Debug|x64
		Debug|x86 = Debug|x86
		Release|Any CPU = Release|Any CPU
		Release|ARM = Release|ARM
		Release|ARM64 = Release|ARM64
		Release|x64 = Release|x64
		Release|x86 = Release|x86
	EndGlobalSection
	GlobalSection(ProjectConfigurationPlatforms) = postSolution
		{7D2E9861-467D-4246-8F2E-7AFA10D7BA58}.Debug|Any CPU.ActiveCfg = Debug|x86
		{7D2E9861-467D-4246-8F2E-7AFA10D7BA58}.Debug|ARM.ActiveCfg = Debug|ARM
		{7D2E9861-467D-4246-8F2E-7AFA10D7BA58}.Debug|ARM.Build.0 = Debug|ARM
		{7D2E9861-467D-4246-8F2E-7AFA10D7BA58}.Debug|ARM.Deploy.0 = Debug|ARM
		{7D2E9861-467D-4246-8F2E-7AFA10D7BA58}.Debug|ARM64.ActiveCfg = Debug|ARM64
		{7D2E9861-467D-4246-8F2E-7AFA10D7BA58}.Debug|ARM64.Build.0 = Debug|ARM64
		{7D2E9861-467D-4246-8F2E-7AFA10D7BA58}.Debug|ARM64.Deploy.0 = Debug|ARM64
		{7D2E9861-467D-4246-8F2E-7AFA10D7BA58}.Debug|x64.ActiveCfg = Debug|x64
		{7D2E9861-467D-4246-8F2E-7AFA10D7BA58}.Debug|x64.Build.0 = Debug|x64
		{7D2E9861-467D-4246-8F2E-7AFA10D7BA58}.Debug|x64.Deploy.0 = Debug|x64
		{7D2E9861-467D-4246-8F2E-7AFA10D7BA58}.Debug|x86.ActiveCfg = Debug|x86
		{7D2E9861-467D-4246-8F2E-7AFA10D7BA58}.Debug|x86.Build.0 = Debug|x86
		{7D2E9861-467D-4246-8F2E-7AFA10D7BA58}.Debug|x86.Deploy.0 = Debug|x86
		{7D2E9861-467D-4246-8F2E-7AFA10D7BA58}.Release|Any CPU.ActiveCfg = Release|x86
		{7D2E9861-467D-4246-8F2E-7AFA10D7BA58}.Release|ARM.ActiveCfg = Release|ARM
		{7D2E9861-467D-4246-8F2E-7AFA10D7BA58}.Release|ARM.Build.0 = Release|ARM
		{7D2E9861-467D-4246-8F2E-7AFA10D7BA58}.Release|ARM.Deploy.0 = Release|ARM
		{7D2E9861-467D-4246-8F2E-7AFA10D7BA58}.Release|ARM64.ActiveCfg = Release|ARM64
		{7D2E9861-467D-4246-8F2E-7AFA10D7BA58}.Release|ARM64.Build.0 = Release|ARM64
		{7D2E9861-467D-4246-8F2E-7AFA10D7BA58}.Release|ARM64.Deploy.0 = Release|ARM64
		{7D2E9861-467D-4246-8F2E-7AFA10D7BA58}.Release|x64.ActiveCfg = Release|x64
		{7D2E9861-467D-4246-8F2E-7AFA10D7BA58}.Release|x64.Build.0 = Release|x64
		{7D2E9861-467D-4246-8F2E-7AFA10D7BA58}.Release|x64.Deploy.0 = Release|x64
		{7D2E9861-467D-4246-8F2E-7AFA10D7BA58}.Release|x86.ActiveCfg = Release|x86
		{7D2E9861-467D-4246-8F2E-7AFA10D7BA58}.Release|x86.Build.0 = Release|x86
		{7D2E9861-467D-4246-8F2E-7AFA10D7BA58}.Release|x86.Deploy.0 = Release|x86
		{E8CA5D44-0829-4B33-8034-60003A158269}.Debug|Any CPU.ActiveCfg = Debug|Any CPU
		{E8CA5D44-0829-4B33-8034-60003A158269}.Debug|Any CPU.Build.0 = Debug|Any CPU
		{E8CA5D44-0829-4B33-8034-60003A158269}.Debug|ARM.ActiveCfg = Debug|ARM
		{E8CA5D44-0829-4B33-8034-60003A158269}.Debug|ARM.Build.0 = Debug|ARM
		{E8CA5D44-0829-4B33-8034-60003A158269}.Debug|ARM64.ActiveCfg = Debug|ARM64
		{E8CA5D44-0829-4B33-8034-60003A158269}.Debug|ARM64.Build.0 = Debug|ARM64
		{E8CA5D44-0829-4B33-8034-60003A158269}.Debug|x64.ActiveCfg = Debug|x64
		{E8CA5D44-0829-4B33-8034-60003A158269}.Debug|x64.Build.0 = Debug|x64
		{E8CA5D44-0829-4B33-8034-60003A158269}.Debug|x86.ActiveCfg = Debug|x86
		{E8CA5D44-0829-4B33-8034-60003A158269}.Debug|x86.Build.0 = Debug|x86
		{E8CA5D44-0829-4B33-8034-60003A158269}.Release|Any CPU.ActiveCfg = Release|Any CPU
		{E8CA5D44-0829-4B33-8034-60003A158269}.Release|Any CPU.Build.0 = Release|Any CPU
		{E8CA5D44-0829-4B33-8034-60003A158269}.Release|ARM.ActiveCfg = Release|ARM
		{E8CA5D44-0829-4B33-8034-60003A158269}.Release|ARM.Build.0 = Release|ARM
		{E8CA5D44-0829-4B33-8034-60003A158269}.Release|ARM64.ActiveCfg = Release|ARM64
		{E8CA5D44-0829-4B33-8034-60003A158269}.Release|ARM64.Build.0 = Release|ARM64
		{E8CA5D44-0829-4B33-8034-60003A158269}.Release|x64.ActiveCfg = Release|x64
		{E8CA5D44-0829-4B33-8034-60003A158269}.Release|x64.Build.0 = Release|x64
		{E8CA5D44-0829-4B33-8034-60003A158269}.Release|x86.ActiveCfg = Release|x86
		{E8CA5D44-0829-4B33-8034-60003A158269}.Release|x86.Build.0 = Release|x86
	EndGlobalSection
	GlobalSection(SolutionProperties) = preSolution
		HideSolutionNode = FALSE
	EndGlobalSection
	GlobalSection(ExtensibilityGlobals) = postSolution
		SolutionGuid = {1A3B60F4-D2C4-4E5A-B114-19806AC1C633}
	EndGlobalSection
EndGlobal
